// !$*UTF8*$!
{
	archiveVersion = 1;
	classes = {
	};
	objectVersion = 52;
	objects = {

/* Begin PBXBuildFile section */
		14F76D21266A6E1200D3341D /* AppDelegate.swift in Sources */ = {isa = PBXBuildFile; fileRef = 14F76D20266A6E1200D3341D /* AppDelegate.swift */; };
		14F76D25266A6E1200D3341D /* ViewController.swift in Sources */ = {isa = PBXBuildFile; fileRef = 14F76D24266A6E1200D3341D /* ViewController.swift */; };
		14F76D2A266A6E1B00D3341D /* Assets.xcassets in Resources */ = {isa = PBXBuildFile; fileRef = 14F76D29266A6E1B00D3341D /* Assets.xcassets */; };
		14F76D2D266A6E1B00D3341D /* LaunchScreen.storyboard in Resources */ = {isa = PBXBuildFile; fileRef = 14F76D2B266A6E1B00D3341D /* LaunchScreen.storyboard */; };
		14F76D39266A708900D3341D /* MainTabBar.swift in Sources */ = {isa = PBXBuildFile; fileRef = 14F76D38266A708900D3341D /* MainTabBar.swift */; };
		14F76D3B266A70B200D3341D /* TodayViewController.swift in Sources */ = {isa = PBXBuildFile; fileRef = 14F76D3A266A70B200D3341D /* TodayViewController.swift */; };
		14F76D3D266A70C400D3341D /* ForecastViewController.swift in Sources */ = {isa = PBXBuildFile; fileRef = 14F76D3C266A70C400D3341D /* ForecastViewController.swift */; };
		14F76D3F266A717000D3341D /* TodayPresenter.swift in Sources */ = {isa = PBXBuildFile; fileRef = 14F76D3E266A717000D3341D /* TodayPresenter.swift */; };
		14F76D41266A717B00D3341D /* ForecastPresenter.swift in Sources */ = {isa = PBXBuildFile; fileRef = 14F76D40266A717B00D3341D /* ForecastPresenter.swift */; };
		14F76D44266A74B800D3341D /* SnapKit in Frameworks */ = {isa = PBXBuildFile; productRef = 14F76D43266A74B800D3341D /* SnapKit */; };
		14F76D48266A750F00D3341D /* UIView+Ex.swift in Sources */ = {isa = PBXBuildFile; fileRef = 14F76D47266A750F00D3341D /* UIView+Ex.swift */; };
		14F76D4A266A751F00D3341D /* UIStackView+Ex.swift in Sources */ = {isa = PBXBuildFile; fileRef = 14F76D49266A751F00D3341D /* UIStackView+Ex.swift */; };
		14F76D4C266A753300D3341D /* UIImageView+Ex.swift in Sources */ = {isa = PBXBuildFile; fileRef = 14F76D4B266A753300D3341D /* UIImageView+Ex.swift */; };
		14F76D4E266A754600D3341D /* String+Ex.swift in Sources */ = {isa = PBXBuildFile; fileRef = 14F76D4D266A754600D3341D /* String+Ex.swift */; };
		14F76D51266A76FD00D3341D /* GrayViewSeparator.swift in Sources */ = {isa = PBXBuildFile; fileRef = 14F76D50266A76FD00D3341D /* GrayViewSeparator.swift */; };
		14F76D53266A7B8A00D3341D /* LittleView.swift in Sources */ = {isa = PBXBuildFile; fileRef = 14F76D52266A7B8A00D3341D /* LittleView.swift */; };
		14F76D55266A80BC00D3341D /* Constants.swift in Sources */ = {isa = PBXBuildFile; fileRef = 14F76D54266A80BC00D3341D /* Constants.swift */; };
		14F76D57266A862100D3341D /* CustomTop.swift in Sources */ = {isa = PBXBuildFile; fileRef = 14F76D56266A862100D3341D /* CustomTop.swift */; };
		14F76D59266A92B200D3341D /* CustomMid.swift in Sources */ = {isa = PBXBuildFile; fileRef = 14F76D58266A92B200D3341D /* CustomMid.swift */; };
/* End PBXBuildFile section */

/* Begin PBXFileReference section */
		14F76D1D266A6E1200D3341D /* WeatherWeatherWeather.app */ = {isa = PBXFileReference; explicitFileType = wrapper.application; includeInIndex = 0; path = WeatherWeatherWeather.app; sourceTree = BUILT_PRODUCTS_DIR; };
		14F76D20266A6E1200D3341D /* AppDelegate.swift */ = {isa = PBXFileReference; lastKnownFileType = sourcecode.swift; path = AppDelegate.swift; sourceTree = "<group>"; };
		14F76D24266A6E1200D3341D /* ViewController.swift */ = {isa = PBXFileReference; lastKnownFileType = sourcecode.swift; path = ViewController.swift; sourceTree = "<group>"; };
		14F76D29266A6E1B00D3341D /* Assets.xcassets */ = {isa = PBXFileReference; lastKnownFileType = folder.assetcatalog; path = Assets.xcassets; sourceTree = "<group>"; };
		14F76D2C266A6E1B00D3341D /* Base */ = {isa = PBXFileReference; lastKnownFileType = file.storyboard; name = Base; path = Base.lproj/LaunchScreen.storyboard; sourceTree = "<group>"; };
		14F76D2E266A6E1B00D3341D /* Info.plist */ = {isa = PBXFileReference; lastKnownFileType = text.plist.xml; path = Info.plist; sourceTree = "<group>"; };
		14F76D38266A708900D3341D /* MainTabBar.swift */ = {isa = PBXFileReference; lastKnownFileType = sourcecode.swift; path = MainTabBar.swift; sourceTree = "<group>"; };
		14F76D3A266A70B200D3341D /* TodayViewController.swift */ = {isa = PBXFileReference; lastKnownFileType = sourcecode.swift; path = TodayViewController.swift; sourceTree = "<group>"; };
		14F76D3C266A70C400D3341D /* ForecastViewController.swift */ = {isa = PBXFileReference; lastKnownFileType = sourcecode.swift; path = ForecastViewController.swift; sourceTree = "<group>"; };
		14F76D3E266A717000D3341D /* TodayPresenter.swift */ = {isa = PBXFileReference; lastKnownFileType = sourcecode.swift; path = TodayPresenter.swift; sourceTree = "<group>"; };
		14F76D40266A717B00D3341D /* ForecastPresenter.swift */ = {isa = PBXFileReference; lastKnownFileType = sourcecode.swift; path = ForecastPresenter.swift; sourceTree = "<group>"; };
		14F76D47266A750F00D3341D /* UIView+Ex.swift */ = {isa = PBXFileReference; lastKnownFileType = sourcecode.swift; path = "UIView+Ex.swift"; sourceTree = "<group>"; };
		14F76D49266A751F00D3341D /* UIStackView+Ex.swift */ = {isa = PBXFileReference; lastKnownFileType = sourcecode.swift; path = "UIStackView+Ex.swift"; sourceTree = "<group>"; };
		14F76D4B266A753300D3341D /* UIImageView+Ex.swift */ = {isa = PBXFileReference; lastKnownFileType = sourcecode.swift; path = "UIImageView+Ex.swift"; sourceTree = "<group>"; };
		14F76D4D266A754600D3341D /* String+Ex.swift */ = {isa = PBXFileReference; lastKnownFileType = sourcecode.swift; path = "String+Ex.swift"; sourceTree = "<group>"; };
		14F76D50266A76FD00D3341D /* GrayViewSeparator.swift */ = {isa = PBXFileReference; lastKnownFileType = sourcecode.swift; path = GrayViewSeparator.swift; sourceTree = "<group>"; };
		14F76D52266A7B8A00D3341D /* LittleView.swift */ = {isa = PBXFileReference; lastKnownFileType = sourcecode.swift; path = LittleView.swift; sourceTree = "<group>"; };
		14F76D54266A80BC00D3341D /* Constants.swift */ = {isa = PBXFileReference; lastKnownFileType = sourcecode.swift; path = Constants.swift; sourceTree = "<group>"; };
		14F76D56266A862100D3341D /* CustomTop.swift */ = {isa = PBXFileReference; lastKnownFileType = sourcecode.swift; path = CustomTop.swift; sourceTree = "<group>"; };
		14F76D58266A92B200D3341D /* CustomMid.swift */ = {isa = PBXFileReference; lastKnownFileType = sourcecode.swift; path = CustomMid.swift; sourceTree = "<group>"; };
/* End PBXFileReference section */

/* Begin PBXFrameworksBuildPhase section */
		14F76D1A266A6E1200D3341D /* Frameworks */ = {
			isa = PBXFrameworksBuildPhase;
			buildActionMask = 2147483647;
			files = (
				14F76D44266A74B800D3341D /* SnapKit in Frameworks */,
			);
			runOnlyForDeploymentPostprocessing = 0;
		};
/* End PBXFrameworksBuildPhase section */

/* Begin PBXGroup section */
		14F76D14266A6E1200D3341D = {
			isa = PBXGroup;
			children = (
				14F76D1F266A6E1200D3341D /* WeatherWeatherWeather */,
				14F76D1E266A6E1200D3341D /* Products */,
			);
			sourceTree = "<group>";
		};
		14F76D1E266A6E1200D3341D /* Products */ = {
			isa = PBXGroup;
			children = (
				14F76D1D266A6E1200D3341D /* WeatherWeatherWeather.app */,
			);
			name = Products;
			sourceTree = "<group>";
		};
		14F76D1F266A6E1200D3341D /* WeatherWeatherWeather */ = {
			isa = PBXGroup;
			children = (
				14F76D45266A74F300D3341D /* Helpers */,
				14F76D34266A703A00D3341D /* MVP */,
				14F76D20266A6E1200D3341D /* AppDelegate.swift */,
				14F76D24266A6E1200D3341D /* ViewController.swift */,
				14F76D29266A6E1B00D3341D /* Assets.xcassets */,
				14F76D2B266A6E1B00D3341D /* LaunchScreen.storyboard */,
				14F76D2E266A6E1B00D3341D /* Info.plist */,
			);
			path = WeatherWeatherWeather;
			sourceTree = "<group>";
		};
		14F76D34266A703A00D3341D /* MVP */ = {
			isa = PBXGroup;
			children = (
				14F76D37266A704B00D3341D /* Presenter */,
				14F76D36266A704700D3341D /* View */,
				14F76D35266A704200D3341D /* Model */,
			);
			path = MVP;
			sourceTree = "<group>";
		};
		14F76D35266A704200D3341D /* Model */ = {
			isa = PBXGroup;
			children = (
			);
			path = Model;
			sourceTree = "<group>";
		};
		14F76D36266A704700D3341D /* View */ = {
			isa = PBXGroup;
			children = (
				14F76D38266A708900D3341D /* MainTabBar.swift */,
				14F76D3A266A70B200D3341D /* TodayViewController.swift */,
				14F76D3C266A70C400D3341D /* ForecastViewController.swift */,
			);
			path = View;
			sourceTree = "<group>";
		};
		14F76D37266A704B00D3341D /* Presenter */ = {
			isa = PBXGroup;
			children = (
				14F76D3E266A717000D3341D /* TodayPresenter.swift */,
				14F76D40266A717B00D3341D /* ForecastPresenter.swift */,
			);
			path = Presenter;
			sourceTree = "<group>";
		};
		14F76D45266A74F300D3341D /* Helpers */ = {
			isa = PBXGroup;
			children = (
				14F76D4F266A767700D3341D /* CustomClasses */,
				14F76D46266A74FB00D3341D /* Extensions */,
				14F76D54266A80BC00D3341D /* Constants.swift */,
			);
			path = Helpers;
			sourceTree = "<group>";
		};
		14F76D46266A74FB00D3341D /* Extensions */ = {
			isa = PBXGroup;
			children = (
				14F76D47266A750F00D3341D /* UIView+Ex.swift */,
				14F76D49266A751F00D3341D /* UIStackView+Ex.swift */,
				14F76D4B266A753300D3341D /* UIImageView+Ex.swift */,
				14F76D4D266A754600D3341D /* String+Ex.swift */,
			);
			path = Extensions;
			sourceTree = "<group>";
		};
		14F76D4F266A767700D3341D /* CustomClasses */ = {
			isa = PBXGroup;
			children = (
				14F76D50266A76FD00D3341D /* GrayViewSeparator.swift */,
				14F76D52266A7B8A00D3341D /* LittleView.swift */,
				14F76D56266A862100D3341D /* CustomTop.swift */,
				14F76D58266A92B200D3341D /* CustomMid.swift */,
			);
			path = CustomClasses;
			sourceTree = "<group>";
		};
/* End PBXGroup section */

/* Begin PBXNativeTarget section */
		14F76D1C266A6E1200D3341D /* WeatherWeatherWeather */ = {
			isa = PBXNativeTarget;
			buildConfigurationList = 14F76D31266A6E1B00D3341D /* Build configuration list for PBXNativeTarget "WeatherWeatherWeather" */;
			buildPhases = (
				14F76D19266A6E1200D3341D /* Sources */,
				14F76D1A266A6E1200D3341D /* Frameworks */,
				14F76D1B266A6E1200D3341D /* Resources */,
			);
			buildRules = (
			);
			dependencies = (
			);
			name = WeatherWeatherWeather;
			packageProductDependencies = (
				14F76D43266A74B800D3341D /* SnapKit */,
			);
			productName = WeatherWeatherWeather;
			productReference = 14F76D1D266A6E1200D3341D /* WeatherWeatherWeather.app */;
			productType = "com.apple.product-type.application";
		};
/* End PBXNativeTarget section */

/* Begin PBXProject section */
		14F76D15266A6E1200D3341D /* Project object */ = {
			isa = PBXProject;
			attributes = {
				LastSwiftUpdateCheck = 1250;
				LastUpgradeCheck = 1250;
				TargetAttributes = {
					14F76D1C266A6E1200D3341D = {
						CreatedOnToolsVersion = 12.5;
					};
				};
			};
			buildConfigurationList = 14F76D18266A6E1200D3341D /* Build configuration list for PBXProject "WeatherWeatherWeather" */;
			compatibilityVersion = "Xcode 9.3";
			developmentRegion = en;
			hasScannedForEncodings = 0;
			knownRegions = (
				en,
				Base,
			);
			mainGroup = 14F76D14266A6E1200D3341D;
			packageReferences = (
				14F76D42266A74B800D3341D /* XCRemoteSwiftPackageReference "SnapKit" */,
			);
			productRefGroup = 14F76D1E266A6E1200D3341D /* Products */;
			projectDirPath = "";
			projectRoot = "";
			targets = (
				14F76D1C266A6E1200D3341D /* WeatherWeatherWeather */,
			);
		};
/* End PBXProject section */

/* Begin PBXResourcesBuildPhase section */
		14F76D1B266A6E1200D3341D /* Resources */ = {
			isa = PBXResourcesBuildPhase;
			buildActionMask = 2147483647;
			files = (
				14F76D2D266A6E1B00D3341D /* LaunchScreen.storyboard in Resources */,
				14F76D2A266A6E1B00D3341D /* Assets.xcassets in Resources */,
			);
			runOnlyForDeploymentPostprocessing = 0;
		};
/* End PBXResourcesBuildPhase section */

/* Begin PBXSourcesBuildPhase section */
		14F76D19266A6E1200D3341D /* Sources */ = {
			isa = PBXSourcesBuildPhase;
			buildActionMask = 2147483647;
			files = (
				14F76D57266A862100D3341D /* CustomTop.swift in Sources */,
				14F76D3F266A717000D3341D /* TodayPresenter.swift in Sources */,
				14F76D51266A76FD00D3341D /* GrayViewSeparator.swift in Sources */,
				14F76D41266A717B00D3341D /* ForecastPresenter.swift in Sources */,
				14F76D3B266A70B200D3341D /* TodayViewController.swift in Sources */,
				14F76D48266A750F00D3341D /* UIView+Ex.swift in Sources */,
				14F76D39266A708900D3341D /* MainTabBar.swift in Sources */,
				14F76D4C266A753300D3341D /* UIImageView+Ex.swift in Sources */,
				14F76D3D266A70C400D3341D /* ForecastViewController.swift in Sources */,
				14F76D25266A6E1200D3341D /* ViewController.swift in Sources */,
				14F76D4E266A754600D3341D /* String+Ex.swift in Sources */,
				14F76D4A266A751F00D3341D /* UIStackView+Ex.swift in Sources */,
				14F76D55266A80BC00D3341D /* Constants.swift in Sources */,
				14F76D53266A7B8A00D3341D /* LittleView.swift in Sources */,
				14F76D21266A6E1200D3341D /* AppDelegate.swift in Sources */,
				14F76D59266A92B200D3341D /* CustomMid.swift in Sources */,
			);
			runOnlyForDeploymentPostprocessing = 0;
		};
/* End PBXSourcesBuildPhase section */

/* Begin PBXVariantGroup section */
		14F76D2B266A6E1B00D3341D /* LaunchScreen.storyboard */ = {
			isa = PBXVariantGroup;
			children = (
				14F76D2C266A6E1B00D3341D /* Base */,
			);
			name = LaunchScreen.storyboard;
			sourceTree = "<group>";
		};
/* End PBXVariantGroup section */

/* Begin XCBuildConfiguration section */
		14F76D2F266A6E1B00D3341D /* Debug */ = {
			isa = XCBuildConfiguration;
			buildSettings = {
				ALWAYS_SEARCH_USER_PATHS = NO;
				CLANG_ANALYZER_NONNULL = YES;
				CLANG_ANALYZER_NUMBER_OBJECT_CONVERSION = YES_AGGRESSIVE;
				CLANG_CXX_LANGUAGE_STANDARD = "gnu++14";
				CLANG_CXX_LIBRARY = "libc++";
				CLANG_ENABLE_MODULES = YES;
				CLANG_ENABLE_OBJC_ARC = YES;
				CLANG_ENABLE_OBJC_WEAK = YES;
				CLANG_WARN_BLOCK_CAPTURE_AUTORELEASING = YES;
				CLANG_WARN_BOOL_CONVERSION = YES;
				CLANG_WARN_COMMA = YES;
				CLANG_WARN_CONSTANT_CONVERSION = YES;
				CLANG_WARN_DEPRECATED_OBJC_IMPLEMENTATIONS = YES;
				CLANG_WARN_DIRECT_OBJC_ISA_USAGE = YES_ERROR;
				CLANG_WARN_DOCUMENTATION_COMMENTS = YES;
				CLANG_WARN_EMPTY_BODY = YES;
				CLANG_WARN_ENUM_CONVERSION = YES;
				CLANG_WARN_INFINITE_RECURSION = YES;
				CLANG_WARN_INT_CONVERSION = YES;
				CLANG_WARN_NON_LITERAL_NULL_CONVERSION = YES;
				CLANG_WARN_OBJC_IMPLICIT_RETAIN_SELF = YES;
				CLANG_WARN_OBJC_LITERAL_CONVERSION = YES;
				CLANG_WARN_OBJC_ROOT_CLASS = YES_ERROR;
				CLANG_WARN_QUOTED_INCLUDE_IN_FRAMEWORK_HEADER = YES;
				CLANG_WARN_RANGE_LOOP_ANALYSIS = YES;
				CLANG_WARN_STRICT_PROTOTYPES = YES;
				CLANG_WARN_SUSPICIOUS_MOVE = YES;
				CLANG_WARN_UNGUARDED_AVAILABILITY = YES_AGGRESSIVE;
				CLANG_WARN_UNREACHABLE_CODE = YES;
				CLANG_WARN__DUPLICATE_METHOD_MATCH = YES;
				COPY_PHASE_STRIP = NO;
				DEBUG_INFORMATION_FORMAT = dwarf;
				ENABLE_STRICT_OBJC_MSGSEND = YES;
				ENABLE_TESTABILITY = YES;
				GCC_C_LANGUAGE_STANDARD = gnu11;
				GCC_DYNAMIC_NO_PIC = NO;
				GCC_NO_COMMON_BLOCKS = YES;
				GCC_OPTIMIZATION_LEVEL = 0;
				GCC_PREPROCESSOR_DEFINITIONS = (
					"DEBUG=1",
					"$(inherited)",
				);
				GCC_WARN_64_TO_32_BIT_CONVERSION = YES;
				GCC_WARN_ABOUT_RETURN_TYPE = YES_ERROR;
				GCC_WARN_UNDECLARED_SELECTOR = YES;
				GCC_WARN_UNINITIALIZED_AUTOS = YES_AGGRESSIVE;
				GCC_WARN_UNUSED_FUNCTION = YES;
				GCC_WARN_UNUSED_VARIABLE = YES;
				IPHONEOS_DEPLOYMENT_TARGET = 14.5;
				MTL_ENABLE_DEBUG_INFO = INCLUDE_SOURCE;
				MTL_FAST_MATH = YES;
				ONLY_ACTIVE_ARCH = YES;
				SDKROOT = iphoneos;
				SWIFT_ACTIVE_COMPILATION_CONDITIONS = DEBUG;
				SWIFT_OPTIMIZATION_LEVEL = "-Onone";
			};
			name = Debug;
		};
		14F76D30266A6E1B00D3341D /* Release */ = {
			isa = XCBuildConfiguration;
			buildSettings = {
				ALWAYS_SEARCH_USER_PATHS = NO;
				CLANG_ANALYZER_NONNULL = YES;
				CLANG_ANALYZER_NUMBER_OBJECT_CONVERSION = YES_AGGRESSIVE;
				CLANG_CXX_LANGUAGE_STANDARD = "gnu++14";
				CLANG_CXX_LIBRARY = "libc++";
				CLANG_ENABLE_MODULES = YES;
				CLANG_ENABLE_OBJC_ARC = YES;
				CLANG_ENABLE_OBJC_WEAK = YES;
				CLANG_WARN_BLOCK_CAPTURE_AUTORELEASING = YES;
				CLANG_WARN_BOOL_CONVERSION = YES;
				CLANG_WARN_COMMA = YES;
				CLANG_WARN_CONSTANT_CONVERSION = YES;
				CLANG_WARN_DEPRECATED_OBJC_IMPLEMENTATIONS = YES;
				CLANG_WARN_DIRECT_OBJC_ISA_USAGE = YES_ERROR;
				CLANG_WARN_DOCUMENTATION_COMMENTS = YES;
				CLANG_WARN_EMPTY_BODY = YES;
				CLANG_WARN_ENUM_CONVERSION = YES;
				CLANG_WARN_INFINITE_RECURSION = YES;
				CLANG_WARN_INT_CONVERSION = YES;
				CLANG_WARN_NON_LITERAL_NULL_CONVERSION = YES;
				CLANG_WARN_OBJC_IMPLICIT_RETAIN_SELF = YES;
				CLANG_WARN_OBJC_LITERAL_CONVERSION = YES;
				CLANG_WARN_OBJC_ROOT_CLASS = YES_ERROR;
				CLANG_WARN_QUOTED_INCLUDE_IN_FRAMEWORK_HEADER = YES;
				CLANG_WARN_RANGE_LOOP_ANALYSIS = YES;
				CLANG_WARN_STRICT_PROTOTYPES = YES;
				CLANG_WARN_SUSPICIOUS_MOVE = YES;
				CLANG_WARN_UNGUARDED_AVAILABILITY = YES_AGGRESSIVE;
				CLANG_WARN_UNREACHABLE_CODE = YES;
				CLANG_WARN__DUPLICATE_METHOD_MATCH = YES;
				COPY_PHASE_STRIP = NO;
				DEBUG_INFORMATION_FORMAT = "dwarf-with-dsym";
				ENABLE_NS_ASSERTIONS = NO;
				ENABLE_STRICT_OBJC_MSGSEND = YES;
				GCC_C_LANGUAGE_STANDARD = gnu11;
				GCC_NO_COMMON_BLOCKS = YES;
				GCC_WARN_64_TO_32_BIT_CONVERSION = YES;
				GCC_WARN_ABOUT_RETURN_TYPE = YES_ERROR;
				GCC_WARN_UNDECLARED_SELECTOR = YES;
				GCC_WARN_UNINITIALIZED_AUTOS = YES_AGGRESSIVE;
				GCC_WARN_UNUSED_FUNCTION = YES;
				GCC_WARN_UNUSED_VARIABLE = YES;
				IPHONEOS_DEPLOYMENT_TARGET = 14.5;
				MTL_ENABLE_DEBUG_INFO = NO;
				MTL_FAST_MATH = YES;
				SDKROOT = iphoneos;
				SWIFT_COMPILATION_MODE = wholemodule;
				SWIFT_OPTIMIZATION_LEVEL = "-O";
				VALIDATE_PRODUCT = YES;
			};
			name = Release;
		};
		14F76D32266A6E1B00D3341D /* Debug */ = {
			isa = XCBuildConfiguration;
			buildSettings = {
				ASSETCATALOG_COMPILER_APPICON_NAME = AppIcon;
				ASSETCATALOG_COMPILER_GLOBAL_ACCENT_COLOR_NAME = AccentColor;
				CODE_SIGN_STYLE = Automatic;
				DEVELOPMENT_TEAM = BBD9R4HKY2;
				INFOPLIST_FILE = WeatherWeatherWeather/Info.plist;
				LD_RUNPATH_SEARCH_PATHS = (
					"$(inherited)",
					"@executable_path/Frameworks",
				);
				PRODUCT_BUNDLE_IDENTIFIER = HellizarApps.com.WeatherWeatherWeather;
				PRODUCT_NAME = "$(TARGET_NAME)";
				SWIFT_VERSION = 5.0;
				TARGETED_DEVICE_FAMILY = 1;
			};
			name = Debug;
		};
		14F76D33266A6E1B00D3341D /* Release */ = {
			isa = XCBuildConfiguration;
			buildSettings = {
				ASSETCATALOG_COMPILER_APPICON_NAME = AppIcon;
				ASSETCATALOG_COMPILER_GLOBAL_ACCENT_COLOR_NAME = AccentColor;
				CODE_SIGN_STYLE = Automatic;
				DEVELOPMENT_TEAM = BBD9R4HKY2;
				INFOPLIST_FILE = WeatherWeatherWeather/Info.plist;
				LD_RUNPATH_SEARCH_PATHS = (
					"$(inherited)",
					"@executable_path/Frameworks",
				);
				PRODUCT_BUNDLE_IDENTIFIER = HellizarApps.com.WeatherWeatherWeather;
				PRODUCT_NAME = "$(TARGET_NAME)";
				SWIFT_VERSION = 5.0;
				TARGETED_DEVICE_FAMILY = 1;
			};
			name = Release;
		};
/* End XCBuildConfiguration section */

/* Begin XCConfigurationList section */
		14F76D18266A6E1200D3341D /* Build configuration list for PBXProject "WeatherWeatherWeather" */ = {
			isa = XCConfigurationList;
			buildConfigurations = (
				14F76D2F266A6E1B00D3341D /* Debug */,
				14F76D30266A6E1B00D3341D /* Release */,
			);
			defaultConfigurationIsVisible = 0;
			defaultConfigurationName = Release;
		};
		14F76D31266A6E1B00D3341D /* Build configuration list for PBXNativeTarget "WeatherWeatherWeather" */ = {
			isa = XCConfigurationList;
			buildConfigurations = (
				14F76D32266A6E1B00D3341D /* Debug */,
				14F76D33266A6E1B00D3341D /* Release */,
			);
			defaultConfigurationIsVisible = 0;
			defaultConfigurationName = Release;
		};
/* End XCConfigurationList section */

/* Begin XCRemoteSwiftPackageReference section */
		14F76D42266A74B800D3341D /* XCRemoteSwiftPackageReference "SnapKit" */ = {
			isa = XCRemoteSwiftPackageReference;
			repositoryURL = "https://github.com/SnapKit/SnapKit";
			requirement = {
				kind = upToNextMajorVersion;
				minimumVersion = 5.0.1;
			};
		};
/* End XCRemoteSwiftPackageReference section */

/* Begin XCSwiftPackageProductDependency section */
		14F76D43266A74B800D3341D /* SnapKit */ = {
			isa = XCSwiftPackageProductDependency;
			package = 14F76D42266A74B800D3341D /* XCRemoteSwiftPackageReference "SnapKit" */;
			productName = SnapKit;
		};
/* End XCSwiftPackageProductDependency section */
	};
	rootObject = 14F76D15266A6E1200D3341D /* Project object */;
}
